
Microsoft Visual Studio Solution File, Format Version 12.00
# Visual Studio 15
Project("{FAE04EC0-301F-11D3-BF4B-00C04F79EFBC}") = "Assembly-CSharp", "Assembly-CSharp.csproj", "{32482BB2-4163-1A25-3BE3-D20113F61FEA}"
EndProject
Project("{FAE04EC0-301F-11D3-BF4B-00C04F79EFBC}") = "Assembly-CSharp-Editor", "Assembly-CSharp-Editor.csproj", "{69659A06-D6A1-F272-5FB3-AFB80F18FD26}"
EndProject
Global
	GlobalSection(SolutionConfigurationPlatforms) = preSolution
		Debug|Any CPU = Debug|Any CPU
		Release|Any CPU = Release|Any CPU
	EndGlobalSection
	GlobalSection(ProjectConfigurationPlatforms) = postSolution
		{32482BB2-4163-1A25-3BE3-D20113F61FEA}.Debug|Any CPU.ActiveCfg = Debug|Any CPU
		{32482BB2-4163-1A25-3BE3-D20113F61FEA}.Debug|Any CPU.Build.0 = Debug|Any CPU
		{32482BB2-4163-1A25-3BE3-D20113F61FEA}.Release|Any CPU.ActiveCfg = Release|Any CPU
		{32482BB2-4163-1A25-3BE3-D20113F61FEA}.Release|Any CPU.Build.0 = Release|Any CPU
		{69659A06-D6A1-F272-5FB3-AFB80F18FD26}.Debug|Any CPU.ActiveCfg = Debug|Any CPU
		{69659A06-D6A1-F272-5FB3-AFB80F18FD26}.Debug|Any CPU.Build.0 = Debug|Any CPU
		{69659A06-D6A1-F272-5FB3-AFB80F18FD26}.Release|Any CPU.ActiveCfg = Release|Any CPU
		{69659A06-D6A1-F272-5FB3-AFB80F18FD26}.Release|Any CPU.Build.0 = Release|Any CPU
	EndGlobalSection
	GlobalSection(SolutionProperties) = preSolution
		HideSolutionNode = FALSE
	EndGlobalSection
EndGlobal
